
Microsoft Visual Studio Solution File, Format Version 12.00
# Visual Studio Version 17
VisualStudioVersion = 17.5.33530.505
MinimumVisualStudioVersion = 10.0.40219.1
Project("{FAE04EC0-301F-11D3-BF4B-00C04F79EFBC}") = "BingCustomSearch", "BingCustomSearch\BingCustomSearch.csproj", "{D87E4ABA-539C-4202-B055-F179AA2658ED}"
EndProject
Global
	GlobalSection(SolutionConfigurationPlatforms) = preSolution
		Debug|Any CPU = Debug|Any CPU
		Release|Any CPU = Release|Any CPU
	EndGlobalSection
	GlobalSection(ProjectConfigurationPlatforms) = postSolution
		{D87E4ABA-539C-4202-B055-F179AA2658ED}.Debug|Any CPU.ActiveCfg = Debug|Any CPU
		{D87E4ABA-539C-4202-B055-F179AA2658ED}.Debug|Any CPU.Build.0 = Debug|Any CPU
		{D87E4ABA-539C-4202-B055-F179AA2658ED}.Release|Any CPU.ActiveCfg = Release|Any CPU
		{D87E4ABA-539C-4202-B055-F179AA2658ED}.Release|Any CPU.Build.0 = Release|Any CPU
	EndGlobalSection
	GlobalSection(SolutionProperties) = preSolution
		HideSolutionNode = FALSE
	EndGlobalSection
	GlobalSection(ExtensibilityGlobals) = postSolution
		SolutionGuid = {D7A74373-A51B-47BC-B0F7-611BD594B91F}
	EndGlobalSection
EndGlobal
